
Microsoft Visual Studio Solution File, Format Version 12.00
# Visual Studio Version 16
VisualStudioVersion = 16.0.31129.286
MinimumVisualStudioVersion = 10.0.40219.1
Project("{FAE04EC0-301F-11D3-BF4B-00C04F79EFBC}") = "Lab4", "Lab4\Lab4.csproj", "{0DC04EB0-6162-45D0-91E9-DD8B311C9609}"
EndProject
Global
	GlobalSection(SolutionConfigurationPlatforms) = preSolution
		Debug|Any CPU = Debug|Any CPU
		Release|Any CPU = Release|Any CPU
	EndGlobalSection
	GlobalSection(ProjectConfigurationPlatforms) = postSolution
		{0DC04EB0-6162-45D0-91E9-DD8B311C9609}.Debug|Any CPU.ActiveCfg = Debug|Any CPU
		{0DC04EB0-6162-45D0-91E9-DD8B311C9609}.Debug|Any CPU.Build.0 = Debug|Any CPU
		{0DC04EB0-6162-45D0-91E9-DD8B311C9609}.Release|Any CPU.ActiveCfg = Release|Any CPU
		{0DC04EB0-6162-45D0-91E9-DD8B311C9609}.Release|Any CPU.Build.0 = Release|Any CPU
	EndGlobalSection
	GlobalSection(SolutionProperties) = preSolution
		HideSolutionNode = FALSE
	EndGlobalSection
	GlobalSection(ExtensibilityGlobals) = postSolution
		SolutionGuid = {B8C2523A-9E5F-470E-A51F-677EBA3C5049}
	EndGlobalSection
EndGlobal
