
Microsoft Visual Studio Solution File, Format Version 12.00
# Visual Studio Version 16
VisualStudioVersion = 16.0.31129.286
MinimumVisualStudioVersion = 10.0.40219.1
Project("{FAE04EC0-301F-11D3-BF4B-00C04F79EFBC}") = "Lab5", "Lab5\Lab5.csproj", "{93A6E225-FB18-452A-9023-6DF96F341C70}"
EndProject
Global
	GlobalSection(SolutionConfigurationPlatforms) = preSolution
		Debug|Any CPU = Debug|Any CPU
		Release|Any CPU = Release|Any CPU
	EndGlobalSection
	GlobalSection(ProjectConfigurationPlatforms) = postSolution
		{93A6E225-FB18-452A-9023-6DF96F341C70}.Debug|Any CPU.ActiveCfg = Debug|Any CPU
		{93A6E225-FB18-452A-9023-6DF96F341C70}.Debug|Any CPU.Build.0 = Debug|Any CPU
		{93A6E225-FB18-452A-9023-6DF96F341C70}.Release|Any CPU.ActiveCfg = Release|Any CPU
		{93A6E225-FB18-452A-9023-6DF96F341C70}.Release|Any CPU.Build.0 = Release|Any CPU
	EndGlobalSection
	GlobalSection(SolutionProperties) = preSolution
		HideSolutionNode = FALSE
	EndGlobalSection
	GlobalSection(ExtensibilityGlobals) = postSolution
		SolutionGuid = {3909A15C-126A-429C-83A4-620C523B0B72}
	EndGlobalSection
EndGlobal
