
Microsoft Visual Studio Solution File, Format Version 12.00
# Visual Studio Version 16
VisualStudioVersion = 16.0.31129.286
MinimumVisualStudioVersion = 10.0.40219.1
Project("{FAE04EC0-301F-11D3-BF4B-00C04F79EFBC}") = "Lab2_1", "Lab2\Lab2_1.csproj", "{C974057E-70C0-443C-818F-73ED98D66EE5}"
EndProject
Project("{FAE04EC0-301F-11D3-BF4B-00C04F79EFBC}") = "Lab2_2", "Lab2_2\Lab2_2.csproj", "{59A2312B-26F3-4727-A0BE-3E50D68D7653}"
EndProject
Global
	GlobalSection(SolutionConfigurationPlatforms) = preSolution
		Debug|Any CPU = Debug|Any CPU
		Release|Any CPU = Release|Any CPU
	EndGlobalSection
	GlobalSection(ProjectConfigurationPlatforms) = postSolution
		{C974057E-70C0-443C-818F-73ED98D66EE5}.Debug|Any CPU.ActiveCfg = Debug|Any CPU
		{C974057E-70C0-443C-818F-73ED98D66EE5}.Debug|Any CPU.Build.0 = Debug|Any CPU
		{C974057E-70C0-443C-818F-73ED98D66EE5}.Release|Any CPU.ActiveCfg = Release|Any CPU
		{C974057E-70C0-443C-818F-73ED98D66EE5}.Release|Any CPU.Build.0 = Release|Any CPU
		{59A2312B-26F3-4727-A0BE-3E50D68D7653}.Debug|Any CPU.ActiveCfg = Debug|Any CPU
		{59A2312B-26F3-4727-A0BE-3E50D68D7653}.Debug|Any CPU.Build.0 = Debug|Any CPU
		{59A2312B-26F3-4727-A0BE-3E50D68D7653}.Release|Any CPU.ActiveCfg = Release|Any CPU
		{59A2312B-26F3-4727-A0BE-3E50D68D7653}.Release|Any CPU.Build.0 = Release|Any CPU
	EndGlobalSection
	GlobalSection(SolutionProperties) = preSolution
		HideSolutionNode = FALSE
	EndGlobalSection
	GlobalSection(ExtensibilityGlobals) = postSolution
		SolutionGuid = {E8F96584-6F3F-48B3-8F39-CFDE259BE2AE}
	EndGlobalSection
EndGlobal
