
Microsoft Visual Studio Solution File, Format Version 12.00
# Visual Studio Version 16
VisualStudioVersion = 16.0.31129.286
MinimumVisualStudioVersion = 10.0.40219.1
Project("{FAE04EC0-301F-11D3-BF4B-00C04F79EFBC}") = "Lab7", "Lab7\Lab7.csproj", "{79177736-3688-40A1-8281-BF83BB8BB893}"
EndProject
Global
	GlobalSection(SolutionConfigurationPlatforms) = preSolution
		Debug|Any CPU = Debug|Any CPU
		Release|Any CPU = Release|Any CPU
	EndGlobalSection
	GlobalSection(ProjectConfigurationPlatforms) = postSolution
		{79177736-3688-40A1-8281-BF83BB8BB893}.Debug|Any CPU.ActiveCfg = Debug|Any CPU
		{79177736-3688-40A1-8281-BF83BB8BB893}.Debug|Any CPU.Build.0 = Debug|Any CPU
		{79177736-3688-40A1-8281-BF83BB8BB893}.Release|Any CPU.ActiveCfg = Release|Any CPU
		{79177736-3688-40A1-8281-BF83BB8BB893}.Release|Any CPU.Build.0 = Release|Any CPU
	EndGlobalSection
	GlobalSection(SolutionProperties) = preSolution
		HideSolutionNode = FALSE
	EndGlobalSection
	GlobalSection(ExtensibilityGlobals) = postSolution
		SolutionGuid = {000F26F6-2462-465C-8D64-5B2BFE404796}
	EndGlobalSection
EndGlobal
